<?xml version="1.0" encoding="utf-8"?>
<Project ToolsVersion="4.0" xmlns="http://schemas.microsoft.com/developer/msbuild/2003">
  <ItemGroup>
    <Filter Include="Source Files">
      <UniqueIdentifier>{4FC737F1-C7A5-4376-A066-2A32D752A2FF}</UniqueIdentifier>
      <Extensions>cpp;c;cc;cxx;def;odl;idl;hpj;bat;asm;asmx</Extensions>
    </Filter>
    <Filter Include="Utilidades">
      <UniqueIdentifier>{82144742-8adf-4df8-a9e5-32d1e1dc03fe}</UniqueIdentifier>
    </Filter>
    <Filter Include="Utilidades\Header Files">
      <UniqueIdentifier>{a699ce37-1965-4026-8127-6909dae24041}</UniqueIdentifier>
    </Filter>
    <Filter Include="Utilidades\Source Files">
      <UniqueIdentifier>{5d7e5d02-f2f0-4bd9-b615-b4c74eb3508c}</UniqueIdentifier>
    </Filter>
    <Filter Include="IO">
      <UniqueIdentifier>{e57df812-cc33-46f7-a5c1-263d2a04e03c}</UniqueIdentifier>
    </Filter>
    <Filter Include="IO\Header Files">
      <UniqueIdentifier>{07ef59d0-f0ae-4fd7-b16b-7b1dec182ef0}</UniqueIdentifier>
    </Filter>
    <Filter Include="IO\Source Files">
      <UniqueIdentifier>{66cab314-6f91-4132-946d-13c66b86579c}</UniqueIdentifier>
    </Filter>
    <Filter Include="IO\Visualizaciones">
      <UniqueIdentifier>{032b0658-91f8-4816-9a25-38ffa03def96}</UniqueIdentifier>
    </Filter>
    <Filter Include="Transporte">
      <UniqueIdentifier>{beae2c96-0632-4fca-acd8-a44c9d9862fc}</UniqueIdentifier>
    </Filter>
    <Filter Include="Transporte\Diccionarios">
      <UniqueIdentifier>{1583d5b0-f6ee-4072-8cef-fda20a4550eb}</UniqueIdentifier>
    </Filter>
    <Filter Include="Transporte\Rutas">
      <UniqueIdentifier>{1d893244-eed0-49f0-aaec-dc012f7a5493}</UniqueIdentifier>
    </Filter>
    <Filter Include="Transporte\Paraderos">
      <UniqueIdentifier>{19ed096a-42eb-4dde-b420-af4f8a97efee}</UniqueIdentifier>
    </Filter>
    <Filter Include="IO\Tablas">
      <UniqueIdentifier>{9f2fa7bf-eeee-4e68-bb79-4f3a9d71b524}</UniqueIdentifier>
    </Filter>
    <Filter Include="Transporte\Servicios">
      <UniqueIdentifier>{26a789d5-4c03-489f-ad46-3bf758edeee7}</UniqueIdentifier>
    </Filter>
    <Filter Include="Transporte\Grid">
      <UniqueIdentifier>{94051387-2102-4c82-8e1d-fea42af7981a}</UniqueIdentifier>
    </Filter>
  </ItemGroup>
  <ItemGroup>
    <ClCompile Include="procesaGTFS.cpp">
      <Filter>Source Files</Filter>
    </ClCompile>
    <ClCompile Include="Utilidades\ConvertCoordinate.cpp">
      <Filter>Utilidades\Source Files</Filter>
    </ClCompile>
    <ClCompile Include="Utilidades\Cronometro.cpp">
      <Filter>Utilidades\Source Files</Filter>
    </ClCompile>
    <ClCompile Include="Utilidades\Geometry2.cpp">
      <Filter>Utilidades\Source Files</Filter>
    </ClCompile>
    <ClCompile Include="Utilidades\Histogram.cpp">
      <Filter>Utilidades\Source Files</Filter>
    </ClCompile>
    <ClCompile Include="Utilidades\Scatter.cpp">
      <Filter>Utilidades\Source Files</Filter>
    </ClCompile>
    <ClCompile Include="Utilidades\StringFunctions.cpp">
      <Filter>Utilidades\Source Files</Filter>
    </ClCompile>
    <ClCompile Include="Utilidades\TimeStampHandler.cpp">
      <Filter>Utilidades\Source Files</Filter>
    </ClCompile>
    <ClCompile Include="IO\FuenteDatos.cpp">
      <Filter>IO\Source Files</Filter>
    </ClCompile>
    <ClCompile Include="IO\Parametros.cpp">
      <Filter>IO\Source Files</Filter>
    </ClCompile>
    <ClCompile Include="IO\ReporteFuenteDatos.cpp">
      <Filter>IO\Source Files</Filter>
    </ClCompile>
    <ClCompile Include="IO\ReporteGlobal.cpp">
      <Filter>IO\Source Files</Filter>
    </ClCompile>
    <ClCompile Include="IO\Visualizacion\ColorScale.cpp">
      <Filter>IO\Visualizaciones</Filter>
    </ClCompile>
    <ClCompile Include="IO\Visualizacion\CreaKML.cpp">
      <Filter>IO\Visualizaciones</Filter>
    </ClCompile>
    <ClCompile Include="IO\Visualizacion\Visualizaciones.cpp">
      <Filter>IO\Visualizaciones</Filter>
    </ClCompile>
    <ClCompile Include="Transporte\Diccionarios\DiccionarioServicios.cpp">
      <Filter>Transporte\Diccionarios</Filter>
    </ClCompile>
    <ClCompile Include="Transporte\Rutas\Ruta.cpp">
      <Filter>Transporte\Rutas</Filter>
    </ClCompile>
    <ClCompile Include="Transporte\Rutas\Rutas.cpp">
      <Filter>Transporte\Rutas</Filter>
    </ClCompile>
    <ClCompile Include="Transporte\Paraderos\Paradero.cpp">
      <Filter>Transporte\Paraderos</Filter>
    </ClCompile>
    <ClCompile Include="Transporte\Paraderos\RedParadas.cpp">
      <Filter>Transporte\Paraderos</Filter>
    </ClCompile>
    <ClCompile Include="Transporte\Paraderos\SecuenciaParaderos.cpp">
      <Filter>Transporte\Paraderos</Filter>
    </ClCompile>
    <ClCompile Include="IO\Tablas\TablaParadas.cpp">
      <Filter>IO\Tablas</Filter>
    </ClCompile>
    <ClCompile Include="IO\Tablas\TablaServicios.cpp">
      <Filter>IO\Tablas</Filter>
    </ClCompile>
    <ClCompile Include="Transporte\Servicios\Servicio.cpp">
      <Filter>Transporte\Servicios</Filter>
    </ClCompile>
    <ClCompile Include="IO\Tablas\TablaServiciosPorParada.cpp">
      <Filter>IO\Tablas</Filter>
    </ClCompile>
    <ClCompile Include="IO\Tablas\TablaDistanciaEnRutaParadas.cpp">
      <Filter>IO\Tablas</Filter>
    </ClCompile>
    <ClCompile Include="IO\Tablas\TablaRutasTramadas.cpp">
      <Filter>IO\Tablas</Filter>
    </ClCompile>
    <ClCompile Include="IO\Tablas\TablaRutasSimplificadas.cpp">
      <Filter>IO\Tablas</Filter>
    </ClCompile>
    <ClCompile Include="IO\Tablas\TablaServiciosPorParadaParaAndriod.cpp">
      <Filter>IO\Tablas</Filter>
    </ClCompile>
    <ClCompile Include="IO\Tablas\TablaServiciosParaAndroid.cpp">
      <Filter>IO\Tablas</Filter>
    </ClCompile>
    <ClCompile Include="Transporte\Grid\Cell.cpp">
      <Filter>Transporte\Grid</Filter>
    </ClCompile>
    <ClCompile Include="Transporte\Grid\Grid.cpp">
      <Filter>Transporte\Grid</Filter>
    </ClCompile>
    <ClCompile Include="IO\Tablas\TablaGrilla.cpp">
      <Filter>IO\Tablas</Filter>
    </ClCompile>
    <ClCompile Include="Transporte\Rutas\ProcesaRutas.cpp">
      <Filter>Transporte\Rutas</Filter>
    </ClCompile>
    <ClCompile Include="Transporte\Grid\GridProcess.cpp">
      <Filter>Transporte\Grid</Filter>
    </ClCompile>
  </ItemGroup>
  <ItemGroup>
    <ClInclude Include="Utilidades\ConvertCoordinate.h">
      <Filter>Utilidades\Header Files</Filter>
    </ClInclude>
    <ClInclude Include="Utilidades\Cronometro.h">
      <Filter>Utilidades\Header Files</Filter>
    </ClInclude>
    <ClInclude Include="Utilidades\Geometry2.h">
      <Filter>Utilidades\Header Files</Filter>
    </ClInclude>
    <ClInclude Include="Utilidades\Histogram.h">
      <Filter>Utilidades\Header Files</Filter>
    </ClInclude>
    <ClInclude Include="Utilidades\Scatter.h">
      <Filter>Utilidades\Header Files</Filter>
    </ClInclude>
    <ClInclude Include="Utilidades\StringFunctions.h">
      <Filter>Utilidades\Header Files</Filter>
    </ClInclude>
    <ClInclude Include="Utilidades\TimeStampHandler.h">
      <Filter>Utilidades\Header Files</Filter>
    </ClInclude>
    <ClInclude Include="Utilidades\Types.h">
      <Filter>Utilidades\Header Files</Filter>
    </ClInclude>
    <ClInclude Include="IO\FuenteDatos.h">
      <Filter>IO\Header Files</Filter>
    </ClInclude>
    <ClInclude Include="IO\Parametros.h">
      <Filter>IO\Header Files</Filter>
    </ClInclude>
    <ClInclude Include="IO\Reporte.h">
      <Filter>IO\Header Files</Filter>
    </ClInclude>
    <ClInclude Include="IO\ReporteFuenteDatos.h">
      <Filter>IO\Header Files</Filter>
    </ClInclude>
    <ClInclude Include="IO\ReporteGlobal.h">
      <Filter>IO\Header Files</Filter>
    </ClInclude>
    <ClInclude Include="IO\Visualizacion\ColorScale.h">
      <Filter>IO\Visualizaciones</Filter>
    </ClInclude>
    <ClInclude Include="IO\Visualizacion\CreaKML.h">
      <Filter>IO\Visualizaciones</Filter>
    </ClInclude>
    <ClInclude Include="IO\Visualizacion\Visualizaciones.h">
      <Filter>IO\Visualizaciones</Filter>
    </ClInclude>
    <ClInclude Include="Transporte\Diccionarios\DiccionarioServicios.h">
      <Filter>Transporte\Diccionarios</Filter>
    </ClInclude>
    <ClInclude Include="Transporte\Rutas\Ruta.h">
      <Filter>Transporte\Rutas</Filter>
    </ClInclude>
    <ClInclude Include="Transporte\Rutas\Rutas.h">
      <Filter>Transporte\Rutas</Filter>
    </ClInclude>
    <ClInclude Include="Transporte\Paraderos\Paradero.h">
      <Filter>Transporte\Paraderos</Filter>
    </ClInclude>
    <ClInclude Include="Transporte\Paraderos\RedParadas.h">
      <Filter>Transporte\Paraderos</Filter>
    </ClInclude>
    <ClInclude Include="Transporte\Paraderos\SecuenciaParaderos.h">
      <Filter>Transporte\Paraderos</Filter>
    </ClInclude>
    <ClInclude Include="IO\Tablas\TablaParadas.h">
      <Filter>IO\Tablas</Filter>
    </ClInclude>
    <ClInclude Include="IO\Tablas\TablaServicios.h">
      <Filter>IO\Tablas</Filter>
    </ClInclude>
    <ClInclude Include="Transporte\Servicios\Servicio.h">
      <Filter>Transporte\Servicios</Filter>
    </ClInclude>
    <ClInclude Include="IO\Tablas\TablaServiciosPorParada.h">
      <Filter>IO\Tablas</Filter>
    </ClInclude>
    <ClInclude Include="IO\Tablas\TablaDistanciaEnRutaParadas.h">
      <Filter>IO\Tablas</Filter>
    </ClInclude>
    <ClInclude Include="IO\Tablas\TablaRutasTramadas.h">
      <Filter>IO\Tablas</Filter>
    </ClInclude>
    <ClInclude Include="IO\Tablas\TablaRutasSimplificadas.h">
      <Filter>IO\Tablas</Filter>
    </ClInclude>
    <ClInclude Include="IO\Tablas\TablaServiciosPorParadaParaAndriod.h">
      <Filter>IO\Tablas</Filter>
    </ClInclude>
    <ClInclude Include="IO\Tablas\TablaServiciosParaAndroid.h">
      <Filter>IO\Tablas</Filter>
    </ClInclude>
    <ClInclude Include="Transporte\Grid\Cell.h">
      <Filter>Transporte\Grid</Filter>
    </ClInclude>
    <ClInclude Include="Transporte\Grid\Grid.h">
      <Filter>Transporte\Grid</Filter>
    </ClInclude>
    <ClInclude Include="IO\Tablas\TablaGrilla.h">
      <Filter>IO\Tablas</Filter>
    </ClInclude>
    <ClInclude Include="Transporte\Rutas\ProcesaRutas.h">
      <Filter>Transporte\Rutas</Filter>
    </ClInclude>
    <ClInclude Include="Transporte\Grid\GridProcess.h">
      <Filter>Transporte\Grid</Filter>
    </ClInclude>
  </ItemGroup>
</Project>